// !$*UTF8*$!
{
	archiveVersion = 1;
	classes = {
	};
	objectVersion = 77;
	objects = {

/* Begin PBXBuildFile section */
		0EFB46E42D8C1CD70082C3C1 /* Actors.swift in Sources */ = {isa = PBXBuildFile; fileRef = 0EFB46E32D8C1CD70082C3C1 /* Actors.swift */; };
		0EFB46E62D8C1D0B0082C3C1 /* DataStore.swift in Sources */ = {isa = PBXBuildFile; fileRef = 0EFB46E52D8C1D0B0082C3C1 /* DataStore.swift */; };
		44BAAD932D93FE3A00476323 /* TabBarController.swift in Sources */ = {isa = PBXBuildFile; fileRef = 44BAAD922D93FE3A00476323 /* TabBarController.swift */; };
		44BAAD952D93FE7C00476323 /* HomeViewController.swift in Sources */ = {isa = PBXBuildFile; fileRef = 44BAAD942D93FE7C00476323 /* HomeViewController.swift */; };
		44BAAD992D94070A00476323 /* AuthViewController.swift in Sources */ = {isa = PBXBuildFile; fileRef = 44BAAD982D94070A00476323 /* AuthViewController.swift */; };
		44FCC01E2D8ACF0B0047BE76 /* AppDelegate.swift in Sources */ = {isa = PBXBuildFile; fileRef = 44FCC0142D8ACF0B0047BE76 /* AppDelegate.swift */; };
		44FCC01F2D8ACF0B0047BE76 /* SceneDelegate.swift in Sources */ = {isa = PBXBuildFile; fileRef = 44FCC01B2D8ACF0B0047BE76 /* SceneDelegate.swift */; };
		44FCC0202D8ACF0B0047BE76 /* QuizViewController.swift in Sources */ = {isa = PBXBuildFile; fileRef = 44FCC01C2D8ACF0B0047BE76 /* QuizViewController.swift */; };
		44FCC0212D8ACF0B0047BE76 /* Assets.xcassets in Resources */ = {isa = PBXBuildFile; fileRef = 44FCC0152D8ACF0B0047BE76 /* Assets.xcassets */; };
		44FCC0232D8ACF0B0047BE76 /* LaunchScreen.storyboard in Resources */ = {isa = PBXBuildFile; fileRef = 44FCC0182D8ACF0B0047BE76 /* LaunchScreen.storyboard */; };
		44FCC0242D8ACF0B0047BE76 /* LastMain.storyboard in Resources */ = {isa = PBXBuildFile; fileRef = 44FCC01A2D8ACF0B0047BE76 /* LastMain.storyboard */; };
		FF12DA332D8F16B400C39FDB /* Main.storyboard in Resources */ = {isa = PBXBuildFile; fileRef = FF12DA322D8F16B400C39FDB /* Main.storyboard */; };
		FFF385CF2D8B476F00F9A159 /* Quiz.storyboard in Resources */ = {isa = PBXBuildFile; fileRef = FFF385CE2D8B476F00F9A159 /* Quiz.storyboard */; };
		FFF385F52D8DBBA000F9A159 /* QuizNavigationController.swift in Sources */ = {isa = PBXBuildFile; fileRef = FFF385F42D8DBBA000F9A159 /* QuizNavigationController.swift */; };
		FFF385F72D8DC33900F9A159 /* QuizResutlsViewController.swift in Sources */ = {isa = PBXBuildFile; fileRef = FFF385F62D8DC33900F9A159 /* QuizResutlsViewController.swift */; };
/* End PBXBuildFile section */

/* Begin PBXFileReference section */
		0EFB46E32D8C1CD70082C3C1 /* Actors.swift */ = {isa = PBXFileReference; lastKnownFileType = sourcecode.swift; name = Actors.swift; path = FaceFame/Actors.swift; sourceTree = SOURCE_ROOT; };
		0EFB46E52D8C1D0B0082C3C1 /* DataStore.swift */ = {isa = PBXFileReference; lastKnownFileType = sourcecode.swift; path = DataStore.swift; sourceTree = "<group>"; };
		44BAAD922D93FE3A00476323 /* TabBarController.swift */ = {isa = PBXFileReference; lastKnownFileType = sourcecode.swift; path = TabBarController.swift; sourceTree = "<group>"; };
		44BAAD942D93FE7C00476323 /* HomeViewController.swift */ = {isa = PBXFileReference; lastKnownFileType = sourcecode.swift; path = HomeViewController.swift; sourceTree = "<group>"; };
		44BAAD982D94070A00476323 /* AuthViewController.swift */ = {isa = PBXFileReference; lastKnownFileType = sourcecode.swift; path = AuthViewController.swift; sourceTree = "<group>"; };
		44FCBFFC2D8AC81E0047BE76 /* FaceFame.app */ = {isa = PBXFileReference; explicitFileType = wrapper.application; includeInIndex = 0; path = FaceFame.app; sourceTree = BUILT_PRODUCTS_DIR; };
		44FCC0142D8ACF0B0047BE76 /* AppDelegate.swift */ = {isa = PBXFileReference; lastKnownFileType = sourcecode.swift; path = AppDelegate.swift; sourceTree = "<group>"; };
		44FCC0152D8ACF0B0047BE76 /* Assets.xcassets */ = {isa = PBXFileReference; lastKnownFileType = folder.assetcatalog; path = Assets.xcassets; sourceTree = "<group>"; };
		44FCC0162D8ACF0B0047BE76 /* Info.plist */ = {isa = PBXFileReference; lastKnownFileType = text.plist.xml; path = Info.plist; sourceTree = "<group>"; };
		44FCC0172D8ACF0B0047BE76 /* Base */ = {isa = PBXFileReference; lastKnownFileType = file.storyboard; name = Base; path = Base.lproj/LaunchScreen.storyboard; sourceTree = "<group>"; };
		44FCC0192D8ACF0B0047BE76 /* Base */ = {isa = PBXFileReference; lastKnownFileType = file.storyboard; name = Base; path = Base.lproj/LastMain.storyboard; sourceTree = "<group>"; };
		44FCC01B2D8ACF0B0047BE76 /* SceneDelegate.swift */ = {isa = PBXFileReference; lastKnownFileType = sourcecode.swift; path = SceneDelegate.swift; sourceTree = "<group>"; };
		44FCC01C2D8ACF0B0047BE76 /* QuizViewController.swift */ = {isa = PBXFileReference; lastKnownFileType = sourcecode.swift; path = QuizViewController.swift; sourceTree = "<group>"; };
		FF12DA322D8F16B400C39FDB /* Main.storyboard */ = {isa = PBXFileReference; lastKnownFileType = file.storyboard; path = Main.storyboard; sourceTree = "<group>"; };
		FFF385CE2D8B476F00F9A159 /* Quiz.storyboard */ = {isa = PBXFileReference; lastKnownFileType = file.storyboard; path = Quiz.storyboard; sourceTree = "<group>"; };
		FFF385F42D8DBBA000F9A159 /* QuizNavigationController.swift */ = {isa = PBXFileReference; lastKnownFileType = sourcecode.swift; path = QuizNavigationController.swift; sourceTree = "<group>"; };
		FFF385F62D8DC33900F9A159 /* QuizResutlsViewController.swift */ = {isa = PBXFileReference; lastKnownFileType = sourcecode.swift; path = QuizResutlsViewController.swift; sourceTree = "<group>"; };
/* End PBXFileReference section */

/* Begin PBXFileSystemSynchronizedRootGroup section */
		FFF385EF2D8DA90100F9A159 /* Extensions */ = {
			isa = PBXFileSystemSynchronizedRootGroup;
			path = Extensions;
			sourceTree = "<group>";
		};
/* End PBXFileSystemSynchronizedRootGroup section */

/* Begin PBXFrameworksBuildPhase section */
		44FCBFF92D8AC81E0047BE76 /* Frameworks */ = {
			isa = PBXFrameworksBuildPhase;
			buildActionMask = 2147483647;
			files = (
			);
			runOnlyForDeploymentPostprocessing = 0;
		};
/* End PBXFrameworksBuildPhase section */

/* Begin PBXGroup section */
		44FCBFF32D8AC81E0047BE76 = {
			isa = PBXGroup;
			children = (
				44FCC01D2D8ACF0B0047BE76 /* FaceFame */,
				44FCBFFD2D8AC81E0047BE76 /* Products */,
			);
			sourceTree = "<group>";
		};
		44FCBFFD2D8AC81E0047BE76 /* Products */ = {
			isa = PBXGroup;
			children = (
				44FCBFFC2D8AC81E0047BE76 /* FaceFame.app */,
			);
			name = Products;
			sourceTree = "<group>";
		};
		44FCC01D2D8ACF0B0047BE76 /* FaceFame */ = {
			isa = PBXGroup;
			children = (
				FFF385EF2D8DA90100F9A159 /* Extensions */,
				44FCC0252D8ACF130047BE76 /* ViewControllers */,
				44FCC0292D8ACF5B0047BE76 /* Models */,
				44FCC0262D8ACF250047BE76 /* Storyboards */,
				44FCC0282D8ACF4D0047BE76 /* App */,
				44FCC0272D8ACF400047BE76 /* Resourses */,
				0EFB46E52D8C1D0B0082C3C1 /* DataStore.swift */,
			);
			path = FaceFame;
			sourceTree = "<group>";
		};
		44FCC0252D8ACF130047BE76 /* ViewControllers */ = {
			isa = PBXGroup;
			children = (
				44FCC01C2D8ACF0B0047BE76 /* QuizViewController.swift */,
				FFF385F42D8DBBA000F9A159 /* QuizNavigationController.swift */,
				FFF385F62D8DC33900F9A159 /* QuizResutlsViewController.swift */,
				44BAAD982D94070A00476323 /* AuthViewController.swift */,
				44BAAD942D93FE7C00476323 /* HomeViewController.swift */,
				44BAAD922D93FE3A00476323 /* TabBarController.swift */,
			);
			path = ViewControllers;
			sourceTree = "<group>";
		};
		44FCC0262D8ACF250047BE76 /* Storyboards */ = {
			isa = PBXGroup;
			children = (
				44FCC01A2D8ACF0B0047BE76 /* LastMain.storyboard */,
				44FCC0182D8ACF0B0047BE76 /* LaunchScreen.storyboard */,
				FFF385CE2D8B476F00F9A159 /* Quiz.storyboard */,
				FF12DA322D8F16B400C39FDB /* Main.storyboard */,
			);
			path = Storyboards;
			sourceTree = "<group>";
		};
		44FCC0272D8ACF400047BE76 /* Resourses */ = {
			isa = PBXGroup;
			children = (
				44FCC0162D8ACF0B0047BE76 /* Info.plist */,
			);
			path = Resourses;
			sourceTree = "<group>";
		};
		44FCC0282D8ACF4D0047BE76 /* App */ = {
			isa = PBXGroup;
			children = (
				44FCC0142D8ACF0B0047BE76 /* AppDelegate.swift */,
				44FCC01B2D8ACF0B0047BE76 /* SceneDelegate.swift */,
				44FCC0152D8ACF0B0047BE76 /* Assets.xcassets */,
			);
			path = App;
			sourceTree = "<group>";
		};
		44FCC0292D8ACF5B0047BE76 /* Models */ = {
			isa = PBXGroup;
			children = (
				0EFB46E32D8C1CD70082C3C1 /* Actors.swift */,
			);
			path = Models;
			sourceTree = "<group>";
		};
/* End PBXGroup section */

/* Begin PBXNativeTarget section */
		44FCBFFB2D8AC81E0047BE76 /* FaceFame */ = {
			isa = PBXNativeTarget;
			buildConfigurationList = 44FCC00F2D8AC81F0047BE76 /* Build configuration list for PBXNativeTarget "FaceFame" */;
			buildPhases = (
				44FCBFF82D8AC81E0047BE76 /* Sources */,
				44FCBFF92D8AC81E0047BE76 /* Frameworks */,
				44FCBFFA2D8AC81E0047BE76 /* Resources */,
			);
			buildRules = (
			);
			dependencies = (
			);
			fileSystemSynchronizedGroups = (
				FFF385EF2D8DA90100F9A159 /* Extensions */,
			);
			name = FaceFame;
			packageProductDependencies = (
			);
			productName = FaceFame;
			productReference = 44FCBFFC2D8AC81E0047BE76 /* FaceFame.app */;
			productType = "com.apple.product-type.application";
		};
/* End PBXNativeTarget section */

/* Begin PBXProject section */
		44FCBFF42D8AC81E0047BE76 /* Project object */ = {
			isa = PBXProject;
			attributes = {
				BuildIndependentTargetsInParallel = 1;
				LastSwiftUpdateCheck = 1620;
				LastUpgradeCheck = 1620;
				TargetAttributes = {
					44FCBFFB2D8AC81E0047BE76 = {
						CreatedOnToolsVersion = 16.2;
					};
				};
			};
			buildConfigurationList = 44FCBFF72D8AC81E0047BE76 /* Build configuration list for PBXProject "FaceFame" */;
			developmentRegion = en;
			hasScannedForEncodings = 0;
			knownRegions = (
				en,
				Base,
			);
			mainGroup = 44FCBFF32D8AC81E0047BE76;
			minimizedProjectReferenceProxies = 1;
			preferredProjectObjectVersion = 77;
			productRefGroup = 44FCBFFD2D8AC81E0047BE76 /* Products */;
			projectDirPath = "";
			projectRoot = "";
			targets = (
				44FCBFFB2D8AC81E0047BE76 /* FaceFame */,
			);
		};
/* End PBXProject section */

/* Begin PBXResourcesBuildPhase section */
		44FCBFFA2D8AC81E0047BE76 /* Resources */ = {
			isa = PBXResourcesBuildPhase;
			buildActionMask = 2147483647;
			files = (
				FF12DA332D8F16B400C39FDB /* Main.storyboard in Resources */,
				44FCC0212D8ACF0B0047BE76 /* Assets.xcassets in Resources */,
				44FCC0232D8ACF0B0047BE76 /* LaunchScreen.storyboard in Resources */,
				FFF385CF2D8B476F00F9A159 /* Quiz.storyboard in Resources */,
				44FCC0242D8ACF0B0047BE76 /* LastMain.storyboard in Resources */,
			);
			runOnlyForDeploymentPostprocessing = 0;
		};
/* End PBXResourcesBuildPhase section */

/* Begin PBXSourcesBuildPhase section */
		44FCBFF82D8AC81E0047BE76 /* Sources */ = {
			isa = PBXSourcesBuildPhase;
			buildActionMask = 2147483647;
			files = (
				44FCC01E2D8ACF0B0047BE76 /* AppDelegate.swift in Sources */,
				44FCC01F2D8ACF0B0047BE76 /* SceneDelegate.swift in Sources */,
				44FCC0202D8ACF0B0047BE76 /* QuizViewController.swift in Sources */,
				44BAAD932D93FE3A00476323 /* TabBarController.swift in Sources */,
				44BAAD992D94070A00476323 /* AuthViewController.swift in Sources */,
				FFF385F72D8DC33900F9A159 /* QuizResutlsViewController.swift in Sources */,
				44BAAD952D93FE7C00476323 /* HomeViewController.swift in Sources */,
				0EFB46E62D8C1D0B0082C3C1 /* DataStore.swift in Sources */,
				FFF385F52D8DBBA000F9A159 /* QuizNavigationController.swift in Sources */,
				0EFB46E42D8C1CD70082C3C1 /* Actors.swift in Sources */,
			);
			runOnlyForDeploymentPostprocessing = 0;
		};
/* End PBXSourcesBuildPhase section */

/* Begin PBXVariantGroup section */
		44FCC0182D8ACF0B0047BE76 /* LaunchScreen.storyboard */ = {
			isa = PBXVariantGroup;
			children = (
				44FCC0172D8ACF0B0047BE76 /* Base */,
			);
			name = LaunchScreen.storyboard;
			sourceTree = "<group>";
		};
		44FCC01A2D8ACF0B0047BE76 /* LastMain.storyboard */ = {
			isa = PBXVariantGroup;
			children = (
				44FCC0192D8ACF0B0047BE76 /* Base */,
			);
			name = LastMain.storyboard;
			sourceTree = "<group>";
		};
/* End PBXVariantGroup section */

/* Begin XCBuildConfiguration section */
		44FCC0102D8AC81F0047BE76 /* Debug */ = {
			isa = XCBuildConfiguration;
			buildSettings = {
				ASSETCATALOG_COMPILER_APPICON_NAME = AppIcon;
				ASSETCATALOG_COMPILER_GLOBAL_ACCENT_COLOR_NAME = AccentColor;
				CODE_SIGN_STYLE = Automatic;
				CURRENT_PROJECT_VERSION = 1;
				DEVELOPMENT_TEAM = 9NWDSSD94P;
				GENERATE_INFOPLIST_FILE = YES;
				INFOPLIST_FILE = FaceFame/Resourses/Info.plist;
				INFOPLIST_KEY_UIApplicationSupportsIndirectInputEvents = YES;
				INFOPLIST_KEY_UILaunchStoryboardName = LaunchScreen.storyboard;
				INFOPLIST_KEY_UIMainStoryboardFile = Main;
				INFOPLIST_KEY_UISupportedInterfaceOrientations = UIInterfaceOrientationPortrait;
				INFOPLIST_KEY_UISupportedInterfaceOrientations_iPad = "UIInterfaceOrientationLandscapeLeft UIInterfaceOrientationLandscapeRight UIInterfaceOrientationPortrait UIInterfaceOrientationPortraitUpsideDown";
				IPHONEOS_DEPLOYMENT_TARGET = 18.0;
				LD_RUNPATH_SEARCH_PATHS = (
					"$(inherited)",
					"@executable_path/Frameworks",
				);
				MARKETING_VERSION = 0.1.0;
				PRODUCT_BUNDLE_IDENTIFIER = hello.FaceFrame;
				PRODUCT_NAME = "$(TARGET_NAME)";
				SUPPORTED_PLATFORMS = "iphoneos iphonesimulator";
				SUPPORTS_MACCATALYST = NO;
				SUPPORTS_MAC_DESIGNED_FOR_IPHONE_IPAD = NO;
				SUPPORTS_XR_DESIGNED_FOR_IPHONE_IPAD = NO;
				SWIFT_EMIT_LOC_STRINGS = YES;
				SWIFT_VERSION = 5.0;
				TARGETED_DEVICE_FAMILY = 1;
			};
			name = Debug;
		};
		44FCC0112D8AC81F0047BE76 /* Release */ = {
			isa = XCBuildConfiguration;
			buildSettings = {
				ASSETCATALOG_COMPILER_APPICON_NAME = AppIcon;
				ASSETCATALOG_COMPILER_GLOBAL_ACCENT_COLOR_NAME = AccentColor;
				CODE_SIGN_STYLE = Automatic;
				CURRENT_PROJECT_VERSION = 1;
				DEVELOPMENT_TEAM = 9NWDSSD94P;
				GENERATE_INFOPLIST_FILE = YES;
				INFOPLIST_FILE = FaceFame/Resourses/Info.plist;
				INFOPLIST_KEY_UIApplicationSupportsIndirectInputEvents = YES;
				INFOPLIST_KEY_UILaunchStoryboardName = LaunchScreen.storyboard;
				INFOPLIST_KEY_UIMainStoryboardFile = Main;
				INFOPLIST_KEY_UISupportedInterfaceOrientations = UIInterfaceOrientationPortrait;
				INFOPLIST_KEY_UISupportedInterfaceOrientations_iPad = "UIInterfaceOrientationLandscapeLeft UIInterfaceOrientationLandscapeRight UIInterfaceOrientationPortrait UIInterfaceOrientationPortraitUpsideDown";
				IPHONEOS_DEPLOYMENT_TARGET = 18.0;
				LD_RUNPATH_SEARCH_PATHS = (
					"$(inherited)",
					"@executable_path/Frameworks",
				);
				MARKETING_VERSION = 0.1.0;
				PRODUCT_BUNDLE_IDENTIFIER = hello.FaceFrame;
				PRODUCT_NAME = "$(TARGET_NAME)";
				SUPPORTED_PLATFORMS = "iphoneos iphonesimulator";
				SUPPORTS_MACCATALYST = NO;
				SUPPORTS_MAC_DESIGNED_FOR_IPHONE_IPAD = NO;
				SUPPORTS_XR_DESIGNED_FOR_IPHONE_IPAD = NO;
				SWIFT_EMIT_LOC_STRINGS = YES;
				SWIFT_VERSION = 5.0;
				TARGETED_DEVICE_FAMILY = 1;
			};
			name = Release;
		};
		44FCC0122D8AC81F0047BE76 /* Debug */ = {
			isa = XCBuildConfiguration;
			buildSettings = {
				ALWAYS_SEARCH_USER_PATHS = NO;
				ASSETCATALOG_COMPILER_GENERATE_SWIFT_ASSET_SYMBOL_EXTENSIONS = YES;
				CLANG_ANALYZER_NONNULL = YES;
				CLANG_ANALYZER_NUMBER_OBJECT_CONVERSION = YES_AGGRESSIVE;
				CLANG_CXX_LANGUAGE_STANDARD = "gnu++20";
				CLANG_ENABLE_MODULES = YES;
				CLANG_ENABLE_OBJC_ARC = YES;
				CLANG_ENABLE_OBJC_WEAK = YES;
				CLANG_WARN_BLOCK_CAPTURE_AUTORELEASING = YES;
				CLANG_WARN_BOOL_CONVERSION = YES;
				CLANG_WARN_COMMA = YES;
				CLANG_WARN_CONSTANT_CONVERSION = YES;
				CLANG_WARN_DEPRECATED_OBJC_IMPLEMENTATIONS = YES;
				CLANG_WARN_DIRECT_OBJC_ISA_USAGE = YES_ERROR;
				CLANG_WARN_DOCUMENTATION_COMMENTS = YES;
				CLANG_WARN_EMPTY_BODY = YES;
				CLANG_WARN_ENUM_CONVERSION = YES;
				CLANG_WARN_INFINITE_RECURSION = YES;
				CLANG_WARN_INT_CONVERSION = YES;
				CLANG_WARN_NON_LITERAL_NULL_CONVERSION = YES;
				CLANG_WARN_OBJC_IMPLICIT_RETAIN_SELF = YES;
				CLANG_WARN_OBJC_LITERAL_CONVERSION = YES;
				CLANG_WARN_OBJC_ROOT_CLASS = YES_ERROR;
				CLANG_WARN_QUOTED_INCLUDE_IN_FRAMEWORK_HEADER = YES;
				CLANG_WARN_RANGE_LOOP_ANALYSIS = YES;
				CLANG_WARN_STRICT_PROTOTYPES = YES;
				CLANG_WARN_SUSPICIOUS_MOVE = YES;
				CLANG_WARN_UNGUARDED_AVAILABILITY = YES_AGGRESSIVE;
				CLANG_WARN_UNREACHABLE_CODE = YES;
				CLANG_WARN__DUPLICATE_METHOD_MATCH = YES;
				COPY_PHASE_STRIP = NO;
				DEBUG_INFORMATION_FORMAT = dwarf;
				ENABLE_STRICT_OBJC_MSGSEND = YES;
				ENABLE_TESTABILITY = YES;
				ENABLE_USER_SCRIPT_SANDBOXING = YES;
				GCC_C_LANGUAGE_STANDARD = gnu17;
				GCC_DYNAMIC_NO_PIC = NO;
				GCC_NO_COMMON_BLOCKS = YES;
				GCC_OPTIMIZATION_LEVEL = 0;
				GCC_PREPROCESSOR_DEFINITIONS = (
					"DEBUG=1",
					"$(inherited)",
				);
				GCC_WARN_64_TO_32_BIT_CONVERSION = YES;
				GCC_WARN_ABOUT_RETURN_TYPE = YES_ERROR;
				GCC_WARN_UNDECLARED_SELECTOR = YES;
				GCC_WARN_UNINITIALIZED_AUTOS = YES_AGGRESSIVE;
				GCC_WARN_UNUSED_FUNCTION = YES;
				GCC_WARN_UNUSED_VARIABLE = YES;
				IPHONEOS_DEPLOYMENT_TARGET = 18.2;
				LOCALIZATION_PREFERS_STRING_CATALOGS = YES;
				MTL_ENABLE_DEBUG_INFO = INCLUDE_SOURCE;
				MTL_FAST_MATH = YES;
				ONLY_ACTIVE_ARCH = YES;
				SDKROOT = iphoneos;
				SWIFT_ACTIVE_COMPILATION_CONDITIONS = "DEBUG $(inherited)";
				SWIFT_OPTIMIZATION_LEVEL = "-Onone";
			};
			name = Debug;
		};
		44FCC0132D8AC81F0047BE76 /* Release */ = {
			isa = XCBuildConfiguration;
			buildSettings = {
				ALWAYS_SEARCH_USER_PATHS = NO;
				ASSETCATALOG_COMPILER_GENERATE_SWIFT_ASSET_SYMBOL_EXTENSIONS = YES;
				CLANG_ANALYZER_NONNULL = YES;
				CLANG_ANALYZER_NUMBER_OBJECT_CONVERSION = YES_AGGRESSIVE;
				CLANG_CXX_LANGUAGE_STANDARD = "gnu++20";
				CLANG_ENABLE_MODULES = YES;
				CLANG_ENABLE_OBJC_ARC = YES;
				CLANG_ENABLE_OBJC_WEAK = YES;
				CLANG_WARN_BLOCK_CAPTURE_AUTORELEASING = YES;
				CLANG_WARN_BOOL_CONVERSION = YES;
				CLANG_WARN_COMMA = YES;
				CLANG_WARN_CONSTANT_CONVERSION = YES;
				CLANG_WARN_DEPRECATED_OBJC_IMPLEMENTATIONS = YES;
				CLANG_WARN_DIRECT_OBJC_ISA_USAGE = YES_ERROR;
				CLANG_WARN_DOCUMENTATION_COMMENTS = YES;
				CLANG_WARN_EMPTY_BODY = YES;
				CLANG_WARN_ENUM_CONVERSION = YES;
				CLANG_WARN_INFINITE_RECURSION = YES;
				CLANG_WARN_INT_CONVERSION = YES;
				CLANG_WARN_NON_LITERAL_NULL_CONVERSION = YES;
				CLANG_WARN_OBJC_IMPLICIT_RETAIN_SELF = YES;
				CLANG_WARN_OBJC_LITERAL_CONVERSION = YES;
				CLANG_WARN_OBJC_ROOT_CLASS = YES_ERROR;
				CLANG_WARN_QUOTED_INCLUDE_IN_FRAMEWORK_HEADER = YES;
				CLANG_WARN_RANGE_LOOP_ANALYSIS = YES;
				CLANG_WARN_STRICT_PROTOTYPES = YES;
				CLANG_WARN_SUSPICIOUS_MOVE = YES;
				CLANG_WARN_UNGUARDED_AVAILABILITY = YES_AGGRESSIVE;
				CLANG_WARN_UNREACHABLE_CODE = YES;
				CLANG_WARN__DUPLICATE_METHOD_MATCH = YES;
				COPY_PHASE_STRIP = NO;
				DEBUG_INFORMATION_FORMAT = "dwarf-with-dsym";
				ENABLE_NS_ASSERTIONS = NO;
				ENABLE_STRICT_OBJC_MSGSEND = YES;
				ENABLE_USER_SCRIPT_SANDBOXING = YES;
				GCC_C_LANGUAGE_STANDARD = gnu17;
				GCC_NO_COMMON_BLOCKS = YES;
				GCC_WARN_64_TO_32_BIT_CONVERSION = YES;
				GCC_WARN_ABOUT_RETURN_TYPE = YES_ERROR;
				GCC_WARN_UNDECLARED_SELECTOR = YES;
				GCC_WARN_UNINITIALIZED_AUTOS = YES_AGGRESSIVE;
				GCC_WARN_UNUSED_FUNCTION = YES;
				GCC_WARN_UNUSED_VARIABLE = YES;
				IPHONEOS_DEPLOYMENT_TARGET = 18.2;
				LOCALIZATION_PREFERS_STRING_CATALOGS = YES;
				MTL_ENABLE_DEBUG_INFO = NO;
				MTL_FAST_MATH = YES;
				SDKROOT = iphoneos;
				SWIFT_COMPILATION_MODE = wholemodule;
				VALIDATE_PRODUCT = YES;
			};
			name = Release;
		};
/* End XCBuildConfiguration section */

/* Begin XCConfigurationList section */
		44FCBFF72D8AC81E0047BE76 /* Build configuration list for PBXProject "FaceFame" */ = {
			isa = XCConfigurationList;
			buildConfigurations = (
				44FCC0122D8AC81F0047BE76 /* Debug */,
				44FCC0132D8AC81F0047BE76 /* Release */,
			);
			defaultConfigurationIsVisible = 0;
			defaultConfigurationName = Release;
		};
		44FCC00F2D8AC81F0047BE76 /* Build configuration list for PBXNativeTarget "FaceFame" */ = {
			isa = XCConfigurationList;
			buildConfigurations = (
				44FCC0102D8AC81F0047BE76 /* Debug */,
				44FCC0112D8AC81F0047BE76 /* Release */,
			);
			defaultConfigurationIsVisible = 0;
			defaultConfigurationName = Release;
		};
/* End XCConfigurationList section */
	};
	rootObject = 44FCBFF42D8AC81E0047BE76 /* Project object */;
}
